
Microsoft Visual Studio Solution File, Format Version 12.00
# Visual Studio Version 17
VisualStudioVersion = 17.1.32228.430
MinimumVisualStudioVersion = 10.0.40219.1
Project("{FAE04EC0-301F-11D3-BF4B-00C04F79EFBC}") = "ExcelDownloadPOC.Server", "ExcelDownloadPOC\Server\ExcelDownloadPOC.Server.csproj", "{7EFA8097-9626-4E8A-926B-4BF7EFB02065}"
EndProject
Project("{FAE04EC0-301F-11D3-BF4B-00C04F79EFBC}") = "ExcelDownloadPOC.Client", "ExcelDownloadPOC\Client\ExcelDownloadPOC.Client.csproj", "{799D5428-697F-4CA8-AB16-582940AB20F6}"
EndProject
Project("{FAE04EC0-301F-11D3-BF4B-00C04F79EFBC}") = "ExcelDownloadPOC.Shared", "ExcelDownloadPOC\Shared\ExcelDownloadPOC.Shared.csproj", "{F329D90F-4ACB-454A-8CD8-B1E40A6D2B51}"
EndProject
Global
	GlobalSection(SolutionConfigurationPlatforms) = preSolution
		Debug|Any CPU = Debug|Any CPU
		Release|Any CPU = Release|Any CPU
	EndGlobalSection
	GlobalSection(ProjectConfigurationPlatforms) = postSolution
		{7EFA8097-9626-4E8A-926B-4BF7EFB02065}.Debug|Any CPU.ActiveCfg = Debug|Any CPU
		{7EFA8097-9626-4E8A-926B-4BF7EFB02065}.Debug|Any CPU.Build.0 = Debug|Any CPU
		{7EFA8097-9626-4E8A-926B-4BF7EFB02065}.Release|Any CPU.ActiveCfg = Release|Any CPU
		{7EFA8097-9626-4E8A-926B-4BF7EFB02065}.Release|Any CPU.Build.0 = Release|Any CPU
		{799D5428-697F-4CA8-AB16-582940AB20F6}.Debug|Any CPU.ActiveCfg = Debug|Any CPU
		{799D5428-697F-4CA8-AB16-582940AB20F6}.Debug|Any CPU.Build.0 = Debug|Any CPU
		{799D5428-697F-4CA8-AB16-582940AB20F6}.Release|Any CPU.ActiveCfg = Release|Any CPU
		{799D5428-697F-4CA8-AB16-582940AB20F6}.Release|Any CPU.Build.0 = Release|Any CPU
		{F329D90F-4ACB-454A-8CD8-B1E40A6D2B51}.Debug|Any CPU.ActiveCfg = Debug|Any CPU
		{F329D90F-4ACB-454A-8CD8-B1E40A6D2B51}.Debug|Any CPU.Build.0 = Debug|Any CPU
		{F329D90F-4ACB-454A-8CD8-B1E40A6D2B51}.Release|Any CPU.ActiveCfg = Release|Any CPU
		{F329D90F-4ACB-454A-8CD8-B1E40A6D2B51}.Release|Any CPU.Build.0 = Release|Any CPU
	EndGlobalSection
	GlobalSection(SolutionProperties) = preSolution
		HideSolutionNode = FALSE
	EndGlobalSection
	GlobalSection(ExtensibilityGlobals) = postSolution
		SolutionGuid = {BE8B6364-792A-4424-B525-18E925BE8BCA}
	EndGlobalSection
EndGlobal
